
Microsoft Visual Studio Solution File, Format Version 12.00
# Visual Studio Version 17
VisualStudioVersion = 17.11.35327.3
MinimumVisualStudioVersion = 10.0.40219.1
Project("{9A19103F-16F7-4668-BE54-9A1E7A4F7556}") = "NetigentTest", "NetigentTest\NetigentTest.csproj", "{C4F383C8-A8F6-479F-A09A-E0613C1BCDB9}"
EndProject
Project("{54A90642-561A-4BB1-A94E-469ADEE60C69}") = "netigenttestfrontend", "NetigentTestFrontEnd\netigenttestfrontend.esproj", "{58334E39-1318-4F83-A7A8-65717C5DE5C1}"
EndProject
Global
	GlobalSection(SolutionConfigurationPlatforms) = preSolution
		Debug|Any CPU = Debug|Any CPU
		Release|Any CPU = Release|Any CPU
	EndGlobalSection
	GlobalSection(ProjectConfigurationPlatforms) = postSolution
		{C4F383C8-A8F6-479F-A09A-E0613C1BCDB9}.Debug|Any CPU.ActiveCfg = Debug|Any CPU
		{C4F383C8-A8F6-479F-A09A-E0613C1BCDB9}.Debug|Any CPU.Build.0 = Debug|Any CPU
		{C4F383C8-A8F6-479F-A09A-E0613C1BCDB9}.Release|Any CPU.ActiveCfg = Release|Any CPU
		{C4F383C8-A8F6-479F-A09A-E0613C1BCDB9}.Release|Any CPU.Build.0 = Release|Any CPU
		{58334E39-1318-4F83-A7A8-65717C5DE5C1}.Debug|Any CPU.ActiveCfg = Debug|Any CPU
		{58334E39-1318-4F83-A7A8-65717C5DE5C1}.Debug|Any CPU.Build.0 = Debug|Any CPU
		{58334E39-1318-4F83-A7A8-65717C5DE5C1}.Debug|Any CPU.Deploy.0 = Debug|Any CPU
		{58334E39-1318-4F83-A7A8-65717C5DE5C1}.Release|Any CPU.ActiveCfg = Release|Any CPU
		{58334E39-1318-4F83-A7A8-65717C5DE5C1}.Release|Any CPU.Build.0 = Release|Any CPU
		{58334E39-1318-4F83-A7A8-65717C5DE5C1}.Release|Any CPU.Deploy.0 = Release|Any CPU
	EndGlobalSection
	GlobalSection(SolutionProperties) = preSolution
		HideSolutionNode = FALSE
	EndGlobalSection
	GlobalSection(ExtensibilityGlobals) = postSolution
		SolutionGuid = {A2368E15-532D-4F0E-A973-96380DE818B0}
	EndGlobalSection
EndGlobal
